
Microsoft Visual Studio Solution File, Format Version 12.00
# Visual Studio 15
VisualStudioVersion = 15.0.26430.12
MinimumVisualStudioVersion = 10.0.40219.1
Project("{9A19103F-16F7-4668-BE54-9A1E7A4F7556}") = "LearningManagment.Web", "LearningManagment\LearningManagment.Web.csproj", "{F44C4874-8C2E-4AB6-9C11-1F5897700E27}"
EndProject
Project("{FAE04EC0-301F-11D3-BF4B-00C04F79EFBC}") = "LearningManagment.Core", "LearningManagment.Core\LearningManagment.Core.csproj", "{32AB3056-3E3D-4A40-9F27-25679B4A2409}"
EndProject
Project("{FAE04EC0-301F-11D3-BF4B-00C04F79EFBC}") = "LearningManagment.Data", "LearningManagment.Data\LearningManagment.Data.csproj", "{4C7412AA-2089-4253-BA60-E417784231FD}"
EndProject
Project("{FAE04EC0-301F-11D3-BF4B-00C04F79EFBC}") = "LearningManagment.Services", "LearningManagment.Services\LearningManagment.Services.csproj", "{DB33CA67-1D96-4930-80DB-8D8CA8977F1C}"
EndProject
Global
	GlobalSection(SolutionConfigurationPlatforms) = preSolution
		Debug|Any CPU = Debug|Any CPU
		Release|Any CPU = Release|Any CPU
	EndGlobalSection
	GlobalSection(ProjectConfigurationPlatforms) = postSolution
		{F44C4874-8C2E-4AB6-9C11-1F5897700E27}.Debug|Any CPU.ActiveCfg = Debug|Any CPU
		{F44C4874-8C2E-4AB6-9C11-1F5897700E27}.Debug|Any CPU.Build.0 = Debug|Any CPU
		{F44C4874-8C2E-4AB6-9C11-1F5897700E27}.Release|Any CPU.ActiveCfg = Release|Any CPU
		{F44C4874-8C2E-4AB6-9C11-1F5897700E27}.Release|Any CPU.Build.0 = Release|Any CPU
		{32AB3056-3E3D-4A40-9F27-25679B4A2409}.Debug|Any CPU.ActiveCfg = Debug|Any CPU
		{32AB3056-3E3D-4A40-9F27-25679B4A2409}.Debug|Any CPU.Build.0 = Debug|Any CPU
		{32AB3056-3E3D-4A40-9F27-25679B4A2409}.Release|Any CPU.ActiveCfg = Release|Any CPU
		{32AB3056-3E3D-4A40-9F27-25679B4A2409}.Release|Any CPU.Build.0 = Release|Any CPU
		{4C7412AA-2089-4253-BA60-E417784231FD}.Debug|Any CPU.ActiveCfg = Debug|Any CPU
		{4C7412AA-2089-4253-BA60-E417784231FD}.Debug|Any CPU.Build.0 = Debug|Any CPU
		{4C7412AA-2089-4253-BA60-E417784231FD}.Release|Any CPU.ActiveCfg = Release|Any CPU
		{4C7412AA-2089-4253-BA60-E417784231FD}.Release|Any CPU.Build.0 = Release|Any CPU
		{DB33CA67-1D96-4930-80DB-8D8CA8977F1C}.Debug|Any CPU.ActiveCfg = Debug|Any CPU
		{DB33CA67-1D96-4930-80DB-8D8CA8977F1C}.Debug|Any CPU.Build.0 = Debug|Any CPU
		{DB33CA67-1D96-4930-80DB-8D8CA8977F1C}.Release|Any CPU.ActiveCfg = Release|Any CPU
		{DB33CA67-1D96-4930-80DB-8D8CA8977F1C}.Release|Any CPU.Build.0 = Release|Any CPU
	EndGlobalSection
	GlobalSection(SolutionProperties) = preSolution
		HideSolutionNode = FALSE
	EndGlobalSection
EndGlobal
